// !$*UTF8*$!
{
	archiveVersion = 1;
	classes = {
	};
	objectVersion = 56;
	objects = {

/* Begin PBXBuildFile section */
		7E0F9DA32A97827200A1475A /* Dependency+DateFormatter.swift in Sources */ = {isa = PBXBuildFile; fileRef = 7E0F9DA22A97827200A1475A /* Dependency+DateFormatter.swift */; };
		7E0FE4752AB883C1007CEBB2 /* MeetingCardTest.swift in Sources */ = {isa = PBXBuildFile; fileRef = 7E0FE4742AB883C1007CEBB2 /* MeetingCardTest.swift */; };
		7E31B64A2AC1B21D00C9A774 /* APINetworkProtocol.swift in Sources */ = {isa = PBXBuildFile; fileRef = 7ECCE2472AC1B193000FB5F0 /* APINetworkProtocol.swift */; };
		7E31B64B2AC1B22400C9A774 /* GuessAgeClient.swift in Sources */ = {isa = PBXBuildFile; fileRef = 7ECCE2452AC1B182000FB5F0 /* GuessAgeClient.swift */; };
		7E31B64C2AC1B27600C9A774 /* GuessAge.swift in Sources */ = {isa = PBXBuildFile; fileRef = 7ECCE2432AC1B120000FB5F0 /* GuessAge.swift */; };
		7E31B64E2AC1B37700C9A774 /* DependencyValue+GuessAgeClient.swift in Sources */ = {isa = PBXBuildFile; fileRef = 7E31B64D2AC1B37700C9A774 /* DependencyValue+GuessAgeClient.swift */; };
		7E4F0EAF2AB7F52600F07322 /* MeetingCardView.swift in Sources */ = {isa = PBXBuildFile; fileRef = 7E4F0EAE2AB7F52600F07322 /* MeetingCardView.swift */; };
		7E4F0EB12AB7F57C00F07322 /* MeetingCardDomain.swift in Sources */ = {isa = PBXBuildFile; fileRef = 7E4F0EB02AB7F57C00F07322 /* MeetingCardDomain.swift */; };
		7E4F0EB32AB7F7BB00F07322 /* MeetingInfo.swift in Sources */ = {isa = PBXBuildFile; fileRef = 7E4F0EB22AB7F7BB00F07322 /* MeetingInfo.swift */; };
		7E6BC5112A81265A00D2A871 /* Logger.swift in Sources */ = {isa = PBXBuildFile; fileRef = 7E612C322A7E69DD00E4EC21 /* Logger.swift */; };
		7E6BC5122A81265D00D2A871 /* MeetingRoom.swift in Sources */ = {isa = PBXBuildFile; fileRef = 7E612C2E2A7E65BF00E4EC21 /* MeetingRoom.swift */; };
		7E6BC5152A8126C300D2A871 /* Preview Assets.xcassets in Resources */ = {isa = PBXBuildFile; fileRef = 7E7C63D42A7D233700AB05BC /* Preview Assets.xcassets */; };
		7E6BC5182A81277700D2A871 /* Constants.swift in Sources */ = {isa = PBXBuildFile; fileRef = 7E6BC5172A81277700D2A871 /* Constants.swift */; };
		7E6C63E42AA057FD0061548B /* AvailableMeetingRoomTest.swift in Sources */ = {isa = PBXBuildFile; fileRef = 7E6C63E32AA057FD0061548B /* AvailableMeetingRoomTest.swift */; };
		7E7C639A2A7D17AA00AB05BC /* TCAWorkshopApp.swift in Sources */ = {isa = PBXBuildFile; fileRef = 7E7C63992A7D17AA00AB05BC /* TCAWorkshopApp.swift */; };
		7E7C639C2A7D17AA00AB05BC /* MeetingRoomListView.swift in Sources */ = {isa = PBXBuildFile; fileRef = 7E7C639B2A7D17AA00AB05BC /* MeetingRoomListView.swift */; };
		7E7C639E2A7D17AB00AB05BC /* Assets.xcassets in Resources */ = {isa = PBXBuildFile; fileRef = 7E7C639D2A7D17AB00AB05BC /* Assets.xcassets */; };
		7E7C63AB2A7D17AB00AB05BC /* TCAWorkshopTests.swift in Sources */ = {isa = PBXBuildFile; fileRef = 7E7C63AA2A7D17AB00AB05BC /* TCAWorkshopTests.swift */; };
		7E7C63C52A7D17F200AB05BC /* ComposableArchitecture in Frameworks */ = {isa = PBXBuildFile; productRef = 7E7C63C42A7D17F200AB05BC /* ComposableArchitecture */; };
		7EA41DFE2ACFBC6600FBE50D /* GuessMyFeature.swift in Sources */ = {isa = PBXBuildFile; fileRef = 7EA41DFD2ACFBC6600FBE50D /* GuessMyFeature.swift */; };
		7EA41E002ACFBC6C00FBE50D /* GuessMyView.swift in Sources */ = {isa = PBXBuildFile; fileRef = 7EA41DFF2ACFBC6C00FBE50D /* GuessMyView.swift */; };
		7EC40DD82A933399007007CE /* BookedMeetingRoomDomain.swift in Sources */ = {isa = PBXBuildFile; fileRef = 7EC40DD72A933399007007CE /* BookedMeetingRoomDomain.swift */; };
		7EC40DDA2A9333A8007007CE /* UnavailableMeetingRoomDomain.swift in Sources */ = {isa = PBXBuildFile; fileRef = 7EC40DD92A9333A8007007CE /* UnavailableMeetingRoomDomain.swift */; };
		7EC40DDC2A9333B4007007CE /* AvailableMeetingRoomDomain.swift in Sources */ = {isa = PBXBuildFile; fileRef = 7EC40DDB2A9333B4007007CE /* AvailableMeetingRoomDomain.swift */; };
		7EC40DE02A9333F7007007CE /* View+ButtonLabel.swift in Sources */ = {isa = PBXBuildFile; fileRef = 7EC40DDF2A9333F7007007CE /* View+ButtonLabel.swift */; };
		7EC40DE42A93392C007007CE /* BookedMeetingRoomView.swift in Sources */ = {isa = PBXBuildFile; fileRef = 7EC40DE32A93392C007007CE /* BookedMeetingRoomView.swift */; };
		7EC40DE62A933957007007CE /* UnavailableMeetingRoomView.swift in Sources */ = {isa = PBXBuildFile; fileRef = 7EC40DE52A933957007007CE /* UnavailableMeetingRoomView.swift */; };
		7EC40DE82A93395D007007CE /* AvailableMeetingRoomView.swift in Sources */ = {isa = PBXBuildFile; fileRef = 7EC40DE72A93395D007007CE /* AvailableMeetingRoomView.swift */; };
		7EC96C592A964261004A17B4 /* MeetingRoomListDomain.swift in Sources */ = {isa = PBXBuildFile; fileRef = 7EC96C582A964261004A17B4 /* MeetingRoomListDomain.swift */; };
		7ECCE23E2AC1AF6B000FB5F0 /* GuessMyAgeView.swift in Sources */ = {isa = PBXBuildFile; fileRef = 7ECCE23D2AC1AF6B000FB5F0 /* GuessMyAgeView.swift */; };
		7ECCE2402AC1AF7B000FB5F0 /* GuessMyAgeFeature.swift in Sources */ = {isa = PBXBuildFile; fileRef = 7ECCE23F2AC1AF7B000FB5F0 /* GuessMyAgeFeature.swift */; };
		7ECCE2422AC1AF84000FB5F0 /* GuessMyAgeTest.swift in Sources */ = {isa = PBXBuildFile; fileRef = 7ECCE2412AC1AF84000FB5F0 /* GuessMyAgeTest.swift */; };
		7EDCDBBD2A95F2BD0018AF04 /* DependencyValue+MeetingRoomClient.swift in Sources */ = {isa = PBXBuildFile; fileRef = 7EDCDBBC2A95F2BD0018AF04 /* DependencyValue+MeetingRoomClient.swift */; };
		7EE5F9332A9482B500371EEE /* DateFormatter+Init.swift in Sources */ = {isa = PBXBuildFile; fileRef = 7EE5F9322A9482B500371EEE /* DateFormatter+Init.swift */; };
		7EE5F9352A94887E00371EEE /* MeetingRoomClient.swift in Sources */ = {isa = PBXBuildFile; fileRef = 7EE5F9342A94887E00371EEE /* MeetingRoomClient.swift */; };
		7EED7E9A2A9DD2DD00981004 /* UnavailableMeetingRoomTest.swift in Sources */ = {isa = PBXBuildFile; fileRef = 7EED7E992A9DD2DD00981004 /* UnavailableMeetingRoomTest.swift */; };
		7EED7E9C2A9DD35700981004 /* BookedMeetingRoomTest.swift in Sources */ = {isa = PBXBuildFile; fileRef = 7EED7E9B2A9DD35700981004 /* BookedMeetingRoomTest.swift */; };
/* End PBXBuildFile section */

/* Begin PBXContainerItemProxy section */
		7E7C63A72A7D17AB00AB05BC /* PBXContainerItemProxy */ = {
			isa = PBXContainerItemProxy;
			containerPortal = 7E7C638E2A7D17AA00AB05BC /* Project object */;
			proxyType = 1;
			remoteGlobalIDString = 7E7C63952A7D17AA00AB05BC;
			remoteInfo = TCAWorkshop;
		};
/* End PBXContainerItemProxy section */

/* Begin PBXFileReference section */
		7E0F9DA22A97827200A1475A /* Dependency+DateFormatter.swift */ = {isa = PBXFileReference; lastKnownFileType = sourcecode.swift; path = "Dependency+DateFormatter.swift"; sourceTree = "<group>"; };
		7E0FE4742AB883C1007CEBB2 /* MeetingCardTest.swift */ = {isa = PBXFileReference; lastKnownFileType = sourcecode.swift; path = MeetingCardTest.swift; sourceTree = "<group>"; };
		7E31B64D2AC1B37700C9A774 /* DependencyValue+GuessAgeClient.swift */ = {isa = PBXFileReference; lastKnownFileType = sourcecode.swift; path = "DependencyValue+GuessAgeClient.swift"; sourceTree = "<group>"; };
		7E4F0EAE2AB7F52600F07322 /* MeetingCardView.swift */ = {isa = PBXFileReference; lastKnownFileType = sourcecode.swift; path = MeetingCardView.swift; sourceTree = "<group>"; };
		7E4F0EB02AB7F57C00F07322 /* MeetingCardDomain.swift */ = {isa = PBXFileReference; lastKnownFileType = sourcecode.swift; path = MeetingCardDomain.swift; sourceTree = "<group>"; };
		7E4F0EB22AB7F7BB00F07322 /* MeetingInfo.swift */ = {isa = PBXFileReference; lastKnownFileType = sourcecode.swift; path = MeetingInfo.swift; sourceTree = "<group>"; };
		7E612C2E2A7E65BF00E4EC21 /* MeetingRoom.swift */ = {isa = PBXFileReference; lastKnownFileType = sourcecode.swift; path = MeetingRoom.swift; sourceTree = "<group>"; };
		7E612C322A7E69DD00E4EC21 /* Logger.swift */ = {isa = PBXFileReference; lastKnownFileType = sourcecode.swift; path = Logger.swift; sourceTree = "<group>"; };
		7E6BC5172A81277700D2A871 /* Constants.swift */ = {isa = PBXFileReference; lastKnownFileType = sourcecode.swift; path = Constants.swift; sourceTree = "<group>"; };
		7E6C63E32AA057FD0061548B /* AvailableMeetingRoomTest.swift */ = {isa = PBXFileReference; lastKnownFileType = sourcecode.swift; path = AvailableMeetingRoomTest.swift; sourceTree = "<group>"; };
		7E7C63962A7D17AA00AB05BC /* TCAWorkshop.app */ = {isa = PBXFileReference; explicitFileType = wrapper.application; includeInIndex = 0; path = TCAWorkshop.app; sourceTree = BUILT_PRODUCTS_DIR; };
		7E7C63992A7D17AA00AB05BC /* TCAWorkshopApp.swift */ = {isa = PBXFileReference; lastKnownFileType = sourcecode.swift; path = TCAWorkshopApp.swift; sourceTree = "<group>"; };
		7E7C639B2A7D17AA00AB05BC /* MeetingRoomListView.swift */ = {isa = PBXFileReference; lastKnownFileType = sourcecode.swift; path = MeetingRoomListView.swift; sourceTree = "<group>"; };
		7E7C639D2A7D17AB00AB05BC /* Assets.xcassets */ = {isa = PBXFileReference; lastKnownFileType = folder.assetcatalog; path = Assets.xcassets; sourceTree = "<group>"; };
		7E7C63A62A7D17AB00AB05BC /* TCAWorkshopTests.xctest */ = {isa = PBXFileReference; explicitFileType = wrapper.cfbundle; includeInIndex = 0; path = TCAWorkshopTests.xctest; sourceTree = BUILT_PRODUCTS_DIR; };
		7E7C63AA2A7D17AB00AB05BC /* TCAWorkshopTests.swift */ = {isa = PBXFileReference; lastKnownFileType = sourcecode.swift; path = TCAWorkshopTests.swift; sourceTree = "<group>"; };
		7E7C63D42A7D233700AB05BC /* Preview Assets.xcassets */ = {isa = PBXFileReference; lastKnownFileType = folder.assetcatalog; path = "Preview Assets.xcassets"; sourceTree = "<group>"; };
		7EA41DFD2ACFBC6600FBE50D /* GuessMyFeature.swift */ = {isa = PBXFileReference; lastKnownFileType = sourcecode.swift; path = GuessMyFeature.swift; sourceTree = "<group>"; };
		7EA41DFF2ACFBC6C00FBE50D /* GuessMyView.swift */ = {isa = PBXFileReference; lastKnownFileType = sourcecode.swift; path = GuessMyView.swift; sourceTree = "<group>"; };
		7EC40DD72A933399007007CE /* BookedMeetingRoomDomain.swift */ = {isa = PBXFileReference; lastKnownFileType = sourcecode.swift; path = BookedMeetingRoomDomain.swift; sourceTree = "<group>"; };
		7EC40DD92A9333A8007007CE /* UnavailableMeetingRoomDomain.swift */ = {isa = PBXFileReference; lastKnownFileType = sourcecode.swift; path = UnavailableMeetingRoomDomain.swift; sourceTree = "<group>"; };
		7EC40DDB2A9333B4007007CE /* AvailableMeetingRoomDomain.swift */ = {isa = PBXFileReference; lastKnownFileType = sourcecode.swift; path = AvailableMeetingRoomDomain.swift; sourceTree = "<group>"; };
		7EC40DDF2A9333F7007007CE /* View+ButtonLabel.swift */ = {isa = PBXFileReference; lastKnownFileType = sourcecode.swift; path = "View+ButtonLabel.swift"; sourceTree = "<group>"; };
		7EC40DE32A93392C007007CE /* BookedMeetingRoomView.swift */ = {isa = PBXFileReference; lastKnownFileType = sourcecode.swift; path = BookedMeetingRoomView.swift; sourceTree = "<group>"; };
		7EC40DE52A933957007007CE /* UnavailableMeetingRoomView.swift */ = {isa = PBXFileReference; lastKnownFileType = sourcecode.swift; path = UnavailableMeetingRoomView.swift; sourceTree = "<group>"; };
		7EC40DE72A93395D007007CE /* AvailableMeetingRoomView.swift */ = {isa = PBXFileReference; lastKnownFileType = sourcecode.swift; path = AvailableMeetingRoomView.swift; sourceTree = "<group>"; };
		7EC96C582A964261004A17B4 /* MeetingRoomListDomain.swift */ = {isa = PBXFileReference; fileEncoding = 4; lastKnownFileType = sourcecode.swift; path = MeetingRoomListDomain.swift; sourceTree = "<group>"; };
		7ECCE23D2AC1AF6B000FB5F0 /* GuessMyAgeView.swift */ = {isa = PBXFileReference; lastKnownFileType = sourcecode.swift; path = GuessMyAgeView.swift; sourceTree = "<group>"; };
		7ECCE23F2AC1AF7B000FB5F0 /* GuessMyAgeFeature.swift */ = {isa = PBXFileReference; lastKnownFileType = sourcecode.swift; path = GuessMyAgeFeature.swift; sourceTree = "<group>"; };
		7ECCE2412AC1AF84000FB5F0 /* GuessMyAgeTest.swift */ = {isa = PBXFileReference; lastKnownFileType = sourcecode.swift; path = GuessMyAgeTest.swift; sourceTree = "<group>"; };
		7ECCE2432AC1B120000FB5F0 /* GuessAge.swift */ = {isa = PBXFileReference; lastKnownFileType = sourcecode.swift; path = GuessAge.swift; sourceTree = "<group>"; };
		7ECCE2452AC1B182000FB5F0 /* GuessAgeClient.swift */ = {isa = PBXFileReference; lastKnownFileType = sourcecode.swift; path = GuessAgeClient.swift; sourceTree = "<group>"; };
		7ECCE2472AC1B193000FB5F0 /* APINetworkProtocol.swift */ = {isa = PBXFileReference; lastKnownFileType = sourcecode.swift; path = APINetworkProtocol.swift; sourceTree = "<group>"; };
		7EDCDBBC2A95F2BD0018AF04 /* DependencyValue+MeetingRoomClient.swift */ = {isa = PBXFileReference; lastKnownFileType = sourcecode.swift; path = "DependencyValue+MeetingRoomClient.swift"; sourceTree = "<group>"; };
		7EE5F9322A9482B500371EEE /* DateFormatter+Init.swift */ = {isa = PBXFileReference; lastKnownFileType = sourcecode.swift; path = "DateFormatter+Init.swift"; sourceTree = "<group>"; };
		7EE5F9342A94887E00371EEE /* MeetingRoomClient.swift */ = {isa = PBXFileReference; lastKnownFileType = sourcecode.swift; path = MeetingRoomClient.swift; sourceTree = "<group>"; };
		7EED7E992A9DD2DD00981004 /* UnavailableMeetingRoomTest.swift */ = {isa = PBXFileReference; lastKnownFileType = sourcecode.swift; path = UnavailableMeetingRoomTest.swift; sourceTree = "<group>"; };
		7EED7E9B2A9DD35700981004 /* BookedMeetingRoomTest.swift */ = {isa = PBXFileReference; lastKnownFileType = sourcecode.swift; path = BookedMeetingRoomTest.swift; sourceTree = "<group>"; };
/* End PBXFileReference section */

/* Begin PBXFrameworksBuildPhase section */
		7E7C63932A7D17AA00AB05BC /* Frameworks */ = {
			isa = PBXFrameworksBuildPhase;
			buildActionMask = 2147483647;
			files = (
				7E7C63C52A7D17F200AB05BC /* ComposableArchitecture in Frameworks */,
			);
			runOnlyForDeploymentPostprocessing = 0;
		};
		7E7C63A32A7D17AB00AB05BC /* Frameworks */ = {
			isa = PBXFrameworksBuildPhase;
			buildActionMask = 2147483647;
			files = (
			);
			runOnlyForDeploymentPostprocessing = 0;
		};
/* End PBXFrameworksBuildPhase section */

/* Begin PBXGroup section */
		7E0F9DA12A97825800A1475A /* Dependencies */ = {
			isa = PBXGroup;
			children = (
				7EDCDBBC2A95F2BD0018AF04 /* DependencyValue+MeetingRoomClient.swift */,
				7E31B64D2AC1B37700C9A774 /* DependencyValue+GuessAgeClient.swift */,
				7E0F9DA22A97827200A1475A /* Dependency+DateFormatter.swift */,
			);
			path = Dependencies;
			sourceTree = "<group>";
		};
		7E28FA0B2A80A0BE002E3AA9 /* Common */ = {
			isa = PBXGroup;
			children = (
				7E0F9DA12A97825800A1475A /* Dependencies */,
				7EC40DDE2A9333F1007007CE /* Extensions */,
				7E6BC5172A81277700D2A871 /* Constants.swift */,
				7E7C63D32A7D233700AB05BC /* Preview Content */,
				7E7C639D2A7D17AB00AB05BC /* Assets.xcassets */,
				7E4D29692AA8C5C300C91036 /* Network */,
				7E4309F92A7E6564006F0CD9 /* Models */,
			);
			path = Common;
			sourceTree = "<group>";
		};
		7E4309F92A7E6564006F0CD9 /* Models */ = {
			isa = PBXGroup;
			children = (
				7E612C2E2A7E65BF00E4EC21 /* MeetingRoom.swift */,
				7E4F0EB22AB7F7BB00F07322 /* MeetingInfo.swift */,
				7E612C322A7E69DD00E4EC21 /* Logger.swift */,
				7ECCE2432AC1B120000FB5F0 /* GuessAge.swift */,
			);
			path = Models;
			sourceTree = "<group>";
		};
		7E4D29692AA8C5C300C91036 /* Network */ = {
			isa = PBXGroup;
			children = (
				7ECCE2472AC1B193000FB5F0 /* APINetworkProtocol.swift */,
				7EE5F9342A94887E00371EEE /* MeetingRoomClient.swift */,
				7ECCE2452AC1B182000FB5F0 /* GuessAgeClient.swift */,
			);
			path = Network;
			sourceTree = "<group>";
		};
		7E4F0EAD2AB7F51700F07322 /* MeetingCard */ = {
			isa = PBXGroup;
			children = (
				7E0FE4742AB883C1007CEBB2 /* MeetingCardTest.swift */,
				7E4F0EB02AB7F57C00F07322 /* MeetingCardDomain.swift */,
				7E4F0EAE2AB7F52600F07322 /* MeetingCardView.swift */,
			);
			path = MeetingCard;
			sourceTree = "<group>";
		};
		7E6BC50E2A8125FD00D2A871 /* MeetingRoom */ = {
			isa = PBXGroup;
			children = (
				7E7C639B2A7D17AA00AB05BC /* MeetingRoomListView.swift */,
				7EC96C582A964261004A17B4 /* MeetingRoomListDomain.swift */,
				7EC40DD62A933378007007CE /* BookedMeetingRoom */,
				7EC40DD52A933373007007CE /* UnavailableMeetingRoom */,
				7EC40DD42A93336C007007CE /* AvailableMeetingRoom */,
			);
			path = MeetingRoom;
			sourceTree = "<group>";
		};
		7E6BC5162A81275100D2A871 /* Tests */ = {
			isa = PBXGroup;
			children = (
				7E7C63A92A7D17AB00AB05BC /* TCAWorkshopTests */,
			);
			path = Tests;
			sourceTree = "<group>";
		};
		7E7C638D2A7D17AA00AB05BC = {
			isa = PBXGroup;
			children = (
				7E6BC5162A81275100D2A871 /* Tests */,
				7E28FA0B2A80A0BE002E3AA9 /* Common */,
				7E7C63982A7D17AA00AB05BC /* TCAWorkshop */,
				7E7C63972A7D17AA00AB05BC /* Products */,
				7E9C0A282A84D31900A35BC6 /* Frameworks */,
			);
			sourceTree = "<group>";
		};
		7E7C63972A7D17AA00AB05BC /* Products */ = {
			isa = PBXGroup;
			children = (
				7E7C63962A7D17AA00AB05BC /* TCAWorkshop.app */,
				7E7C63A62A7D17AB00AB05BC /* TCAWorkshopTests.xctest */,
			);
			name = Products;
			sourceTree = "<group>";
		};
		7E7C63982A7D17AA00AB05BC /* TCAWorkshop */ = {
			isa = PBXGroup;
			children = (
				7E7C63992A7D17AA00AB05BC /* TCAWorkshopApp.swift */,
				7EA41DFC2ACFBC5600FBE50D /* GuessMy */,
				7ECCE23C2AC1AF58000FB5F0 /* GuessMyAge */,
				7E4F0EAD2AB7F51700F07322 /* MeetingCard */,
				7E6BC50E2A8125FD00D2A871 /* MeetingRoom */,
			);
			path = TCAWorkshop;
			sourceTree = "<group>";
		};
		7E7C63A92A7D17AB00AB05BC /* TCAWorkshopTests */ = {
			isa = PBXGroup;
			children = (
				7E7C63AA2A7D17AB00AB05BC /* TCAWorkshopTests.swift */,
			);
			path = TCAWorkshopTests;
			sourceTree = "<group>";
		};
		7E7C63D32A7D233700AB05BC /* Preview Content */ = {
			isa = PBXGroup;
			children = (
				7E7C63D42A7D233700AB05BC /* Preview Assets.xcassets */,
			);
			path = "Preview Content";
			sourceTree = "<group>";
		};
		7E9C0A282A84D31900A35BC6 /* Frameworks */ = {
			isa = PBXGroup;
			children = (
			);
			name = Frameworks;
			sourceTree = "<group>";
		};
		7EA41DFC2ACFBC5600FBE50D /* GuessMy */ = {
			isa = PBXGroup;
			children = (
				7EA41DFD2ACFBC6600FBE50D /* GuessMyFeature.swift */,
				7EA41DFF2ACFBC6C00FBE50D /* GuessMyView.swift */,
			);
			path = GuessMy;
			sourceTree = "<group>";
		};
		7EC40DD42A93336C007007CE /* AvailableMeetingRoom */ = {
			isa = PBXGroup;
			children = (
				7E6C63E32AA057FD0061548B /* AvailableMeetingRoomTest.swift */,
				7EC40DDB2A9333B4007007CE /* AvailableMeetingRoomDomain.swift */,
				7EC40DE72A93395D007007CE /* AvailableMeetingRoomView.swift */,
			);
			path = AvailableMeetingRoom;
			sourceTree = "<group>";
		};
		7EC40DD52A933373007007CE /* UnavailableMeetingRoom */ = {
			isa = PBXGroup;
			children = (
				7EED7E992A9DD2DD00981004 /* UnavailableMeetingRoomTest.swift */,
				7EC40DD92A9333A8007007CE /* UnavailableMeetingRoomDomain.swift */,
				7EC40DE52A933957007007CE /* UnavailableMeetingRoomView.swift */,
			);
			path = UnavailableMeetingRoom;
			sourceTree = "<group>";
		};
		7EC40DD62A933378007007CE /* BookedMeetingRoom */ = {
			isa = PBXGroup;
			children = (
				7EED7E9B2A9DD35700981004 /* BookedMeetingRoomTest.swift */,
				7EC40DD72A933399007007CE /* BookedMeetingRoomDomain.swift */,
				7EC40DE32A93392C007007CE /* BookedMeetingRoomView.swift */,
			);
			path = BookedMeetingRoom;
			sourceTree = "<group>";
		};
		7EC40DDE2A9333F1007007CE /* Extensions */ = {
			isa = PBXGroup;
			children = (
				7EC40DDF2A9333F7007007CE /* View+ButtonLabel.swift */,
				7EE5F9322A9482B500371EEE /* DateFormatter+Init.swift */,
			);
			path = Extensions;
			sourceTree = "<group>";
		};
		7ECCE23C2AC1AF58000FB5F0 /* GuessMyAge */ = {
			isa = PBXGroup;
			children = (
				7ECCE2412AC1AF84000FB5F0 /* GuessMyAgeTest.swift */,
				7ECCE23F2AC1AF7B000FB5F0 /* GuessMyAgeFeature.swift */,
				7ECCE23D2AC1AF6B000FB5F0 /* GuessMyAgeView.swift */,
			);
			path = GuessMyAge;
			sourceTree = "<group>";
		};
/* End PBXGroup section */

/* Begin PBXNativeTarget section */
		7E7C63952A7D17AA00AB05BC /* TCAWorkshop */ = {
			isa = PBXNativeTarget;
			buildConfigurationList = 7E7C63BA2A7D17AB00AB05BC /* Build configuration list for PBXNativeTarget "TCAWorkshop" */;
			buildPhases = (
				7E7C63922A7D17AA00AB05BC /* Sources */,
				7E7C63932A7D17AA00AB05BC /* Frameworks */,
				7E7C63942A7D17AA00AB05BC /* Resources */,
			);
			buildRules = (
			);
			dependencies = (
			);
			name = TCAWorkshop;
			packageProductDependencies = (
				7E7C63C42A7D17F200AB05BC /* ComposableArchitecture */,
			);
			productName = TCAWorkshop;
			productReference = 7E7C63962A7D17AA00AB05BC /* TCAWorkshop.app */;
			productType = "com.apple.product-type.application";
		};
		7E7C63A52A7D17AB00AB05BC /* TCAWorkshopTests */ = {
			isa = PBXNativeTarget;
			buildConfigurationList = 7E7C63BD2A7D17AB00AB05BC /* Build configuration list for PBXNativeTarget "TCAWorkshopTests" */;
			buildPhases = (
				7E7C63A22A7D17AB00AB05BC /* Sources */,
				7E7C63A32A7D17AB00AB05BC /* Frameworks */,
				7E7C63A42A7D17AB00AB05BC /* Resources */,
			);
			buildRules = (
			);
			dependencies = (
				7E7C63A82A7D17AB00AB05BC /* PBXTargetDependency */,
			);
			name = TCAWorkshopTests;
			packageProductDependencies = (
			);
			productName = TCAWorkshopTests;
			productReference = 7E7C63A62A7D17AB00AB05BC /* TCAWorkshopTests.xctest */;
			productType = "com.apple.product-type.bundle.unit-test";
		};
/* End PBXNativeTarget section */

/* Begin PBXProject section */
		7E7C638E2A7D17AA00AB05BC /* Project object */ = {
			isa = PBXProject;
			attributes = {
				BuildIndependentTargetsInParallel = 1;
				LastSwiftUpdateCheck = 1420;
				LastUpgradeCheck = 1420;
				TargetAttributes = {
					7E7C63952A7D17AA00AB05BC = {
						CreatedOnToolsVersion = 14.2;
					};
					7E7C63A52A7D17AB00AB05BC = {
						CreatedOnToolsVersion = 14.2;
						TestTargetID = 7E7C63952A7D17AA00AB05BC;
					};
				};
			};
			buildConfigurationList = 7E7C63912A7D17AA00AB05BC /* Build configuration list for PBXProject "TCAWorkshop" */;
			compatibilityVersion = "Xcode 14.0";
			developmentRegion = en;
			hasScannedForEncodings = 0;
			knownRegions = (
				en,
				Base,
			);
			mainGroup = 7E7C638D2A7D17AA00AB05BC;
			packageReferences = (
				7E7C63C32A7D17F200AB05BC /* XCRemoteSwiftPackageReference "swift-composable-architecture" */,
			);
			productRefGroup = 7E7C63972A7D17AA00AB05BC /* Products */;
			projectDirPath = "";
			projectRoot = "";
			targets = (
				7E7C63952A7D17AA00AB05BC /* TCAWorkshop */,
				7E7C63A52A7D17AB00AB05BC /* TCAWorkshopTests */,
			);
		};
/* End PBXProject section */

/* Begin PBXResourcesBuildPhase section */
		7E7C63942A7D17AA00AB05BC /* Resources */ = {
			isa = PBXResourcesBuildPhase;
			buildActionMask = 2147483647;
			files = (
				7E6BC5152A8126C300D2A871 /* Preview Assets.xcassets in Resources */,
				7E7C639E2A7D17AB00AB05BC /* Assets.xcassets in Resources */,
			);
			runOnlyForDeploymentPostprocessing = 0;
		};
		7E7C63A42A7D17AB00AB05BC /* Resources */ = {
			isa = PBXResourcesBuildPhase;
			buildActionMask = 2147483647;
			files = (
			);
			runOnlyForDeploymentPostprocessing = 0;
		};
/* End PBXResourcesBuildPhase section */

/* Begin PBXSourcesBuildPhase section */
		7E7C63922A7D17AA00AB05BC /* Sources */ = {
			isa = PBXSourcesBuildPhase;
			buildActionMask = 2147483647;
			files = (
				7E4F0EB12AB7F57C00F07322 /* MeetingCardDomain.swift in Sources */,
				7E6BC5112A81265A00D2A871 /* Logger.swift in Sources */,
				7EC96C592A964261004A17B4 /* MeetingRoomListDomain.swift in Sources */,
				7E6BC5122A81265D00D2A871 /* MeetingRoom.swift in Sources */,
				7E31B64E2AC1B37700C9A774 /* DependencyValue+GuessAgeClient.swift in Sources */,
				7EC40DE62A933957007007CE /* UnavailableMeetingRoomView.swift in Sources */,
				7E4F0EB32AB7F7BB00F07322 /* MeetingInfo.swift in Sources */,
				7ECCE2402AC1AF7B000FB5F0 /* GuessMyAgeFeature.swift in Sources */,
				7EA41DFE2ACFBC6600FBE50D /* GuessMyFeature.swift in Sources */,
				7EE5F9352A94887E00371EEE /* MeetingRoomClient.swift in Sources */,
				7EC40DDC2A9333B4007007CE /* AvailableMeetingRoomDomain.swift in Sources */,
				7EC40DE42A93392C007007CE /* BookedMeetingRoomView.swift in Sources */,
				7EA41E002ACFBC6C00FBE50D /* GuessMyView.swift in Sources */,
				7E7C639C2A7D17AA00AB05BC /* MeetingRoomListView.swift in Sources */,
				7E31B64C2AC1B27600C9A774 /* GuessAge.swift in Sources */,
				7EC40DD82A933399007007CE /* BookedMeetingRoomDomain.swift in Sources */,
				7E31B64A2AC1B21D00C9A774 /* APINetworkProtocol.swift in Sources */,
				7EC40DE02A9333F7007007CE /* View+ButtonLabel.swift in Sources */,
				7EC40DE82A93395D007007CE /* AvailableMeetingRoomView.swift in Sources */,
				7E0F9DA32A97827200A1475A /* Dependency+DateFormatter.swift in Sources */,
				7ECCE23E2AC1AF6B000FB5F0 /* GuessMyAgeView.swift in Sources */,
				7EDCDBBD2A95F2BD0018AF04 /* DependencyValue+MeetingRoomClient.swift in Sources */,
				7E31B64B2AC1B22400C9A774 /* GuessAgeClient.swift in Sources */,
				7E6BC5182A81277700D2A871 /* Constants.swift in Sources */,
				7E7C639A2A7D17AA00AB05BC /* TCAWorkshopApp.swift in Sources */,
				7EE5F9332A9482B500371EEE /* DateFormatter+Init.swift in Sources */,
				7E4F0EAF2AB7F52600F07322 /* MeetingCardView.swift in Sources */,
				7EC40DDA2A9333A8007007CE /* UnavailableMeetingRoomDomain.swift in Sources */,
			);
			runOnlyForDeploymentPostprocessing = 0;
		};
		7E7C63A22A7D17AB00AB05BC /* Sources */ = {
			isa = PBXSourcesBuildPhase;
			buildActionMask = 2147483647;
			files = (
				7E6C63E42AA057FD0061548B /* AvailableMeetingRoomTest.swift in Sources */,
				7EED7E9C2A9DD35700981004 /* BookedMeetingRoomTest.swift in Sources */,
				7EED7E9A2A9DD2DD00981004 /* UnavailableMeetingRoomTest.swift in Sources */,
				7E7C63AB2A7D17AB00AB05BC /* TCAWorkshopTests.swift in Sources */,
				7E0FE4752AB883C1007CEBB2 /* MeetingCardTest.swift in Sources */,
				7ECCE2422AC1AF84000FB5F0 /* GuessMyAgeTest.swift in Sources */,
			);
			runOnlyForDeploymentPostprocessing = 0;
		};
/* End PBXSourcesBuildPhase section */

/* Begin PBXTargetDependency section */
		7E7C63A82A7D17AB00AB05BC /* PBXTargetDependency */ = {
			isa = PBXTargetDependency;
			target = 7E7C63952A7D17AA00AB05BC /* TCAWorkshop */;
			targetProxy = 7E7C63A72A7D17AB00AB05BC /* PBXContainerItemProxy */;
		};
/* End PBXTargetDependency section */

/* Begin XCBuildConfiguration section */
		7E7C63B82A7D17AB00AB05BC /* Debug */ = {
			isa = XCBuildConfiguration;
			buildSettings = {
				ALWAYS_SEARCH_USER_PATHS = NO;
				CLANG_ANALYZER_NONNULL = YES;
				CLANG_ANALYZER_NUMBER_OBJECT_CONVERSION = YES_AGGRESSIVE;
				CLANG_CXX_LANGUAGE_STANDARD = "gnu++20";
				CLANG_ENABLE_MODULES = YES;
				CLANG_ENABLE_OBJC_ARC = YES;
				CLANG_ENABLE_OBJC_WEAK = YES;
				CLANG_WARN_BLOCK_CAPTURE_AUTORELEASING = YES;
				CLANG_WARN_BOOL_CONVERSION = YES;
				CLANG_WARN_COMMA = YES;
				CLANG_WARN_CONSTANT_CONVERSION = YES;
				CLANG_WARN_DEPRECATED_OBJC_IMPLEMENTATIONS = YES;
				CLANG_WARN_DIRECT_OBJC_ISA_USAGE = YES_ERROR;
				CLANG_WARN_DOCUMENTATION_COMMENTS = YES;
				CLANG_WARN_EMPTY_BODY = YES;
				CLANG_WARN_ENUM_CONVERSION = YES;
				CLANG_WARN_INFINITE_RECURSION = YES;
				CLANG_WARN_INT_CONVERSION = YES;
				CLANG_WARN_NON_LITERAL_NULL_CONVERSION = YES;
				CLANG_WARN_OBJC_IMPLICIT_RETAIN_SELF = YES;
				CLANG_WARN_OBJC_LITERAL_CONVERSION = YES;
				CLANG_WARN_OBJC_ROOT_CLASS = YES_ERROR;
				CLANG_WARN_QUOTED_INCLUDE_IN_FRAMEWORK_HEADER = YES;
				CLANG_WARN_RANGE_LOOP_ANALYSIS = YES;
				CLANG_WARN_STRICT_PROTOTYPES = YES;
				CLANG_WARN_SUSPICIOUS_MOVE = YES;
				CLANG_WARN_UNGUARDED_AVAILABILITY = YES_AGGRESSIVE;
				CLANG_WARN_UNREACHABLE_CODE = YES;
				CLANG_WARN__DUPLICATE_METHOD_MATCH = YES;
				COPY_PHASE_STRIP = NO;
				DEBUG_INFORMATION_FORMAT = dwarf;
				ENABLE_STRICT_OBJC_MSGSEND = YES;
				ENABLE_TESTABILITY = YES;
				GCC_C_LANGUAGE_STANDARD = gnu11;
				GCC_DYNAMIC_NO_PIC = NO;
				GCC_NO_COMMON_BLOCKS = YES;
				GCC_OPTIMIZATION_LEVEL = 0;
				GCC_PREPROCESSOR_DEFINITIONS = (
					"DEBUG=1",
					"$(inherited)",
				);
				GCC_WARN_64_TO_32_BIT_CONVERSION = YES;
				GCC_WARN_ABOUT_RETURN_TYPE = YES_ERROR;
				GCC_WARN_UNDECLARED_SELECTOR = YES;
				GCC_WARN_UNINITIALIZED_AUTOS = YES_AGGRESSIVE;
				GCC_WARN_UNUSED_FUNCTION = YES;
				GCC_WARN_UNUSED_VARIABLE = YES;
				IPHONEOS_DEPLOYMENT_TARGET = 16.2;
				MTL_ENABLE_DEBUG_INFO = INCLUDE_SOURCE;
				MTL_FAST_MATH = YES;
				ONLY_ACTIVE_ARCH = YES;
				SDKROOT = iphoneos;
				SWIFT_ACTIVE_COMPILATION_CONDITIONS = DEBUG;
				SWIFT_OPTIMIZATION_LEVEL = "-Onone";
				SWIFT_VERSION = 5.0;
			};
			name = Debug;
		};
		7E7C63B92A7D17AB00AB05BC /* Release */ = {
			isa = XCBuildConfiguration;
			buildSettings = {
				ALWAYS_SEARCH_USER_PATHS = NO;
				CLANG_ANALYZER_NONNULL = YES;
				CLANG_ANALYZER_NUMBER_OBJECT_CONVERSION = YES_AGGRESSIVE;
				CLANG_CXX_LANGUAGE_STANDARD = "gnu++20";
				CLANG_ENABLE_MODULES = YES;
				CLANG_ENABLE_OBJC_ARC = YES;
				CLANG_ENABLE_OBJC_WEAK = YES;
				CLANG_WARN_BLOCK_CAPTURE_AUTORELEASING = YES;
				CLANG_WARN_BOOL_CONVERSION = YES;
				CLANG_WARN_COMMA = YES;
				CLANG_WARN_CONSTANT_CONVERSION = YES;
				CLANG_WARN_DEPRECATED_OBJC_IMPLEMENTATIONS = YES;
				CLANG_WARN_DIRECT_OBJC_ISA_USAGE = YES_ERROR;
				CLANG_WARN_DOCUMENTATION_COMMENTS = YES;
				CLANG_WARN_EMPTY_BODY = YES;
				CLANG_WARN_ENUM_CONVERSION = YES;
				CLANG_WARN_INFINITE_RECURSION = YES;
				CLANG_WARN_INT_CONVERSION = YES;
				CLANG_WARN_NON_LITERAL_NULL_CONVERSION = YES;
				CLANG_WARN_OBJC_IMPLICIT_RETAIN_SELF = YES;
				CLANG_WARN_OBJC_LITERAL_CONVERSION = YES;
				CLANG_WARN_OBJC_ROOT_CLASS = YES_ERROR;
				CLANG_WARN_QUOTED_INCLUDE_IN_FRAMEWORK_HEADER = YES;
				CLANG_WARN_RANGE_LOOP_ANALYSIS = YES;
				CLANG_WARN_STRICT_PROTOTYPES = YES;
				CLANG_WARN_SUSPICIOUS_MOVE = YES;
				CLANG_WARN_UNGUARDED_AVAILABILITY = YES_AGGRESSIVE;
				CLANG_WARN_UNREACHABLE_CODE = YES;
				CLANG_WARN__DUPLICATE_METHOD_MATCH = YES;
				COPY_PHASE_STRIP = NO;
				DEBUG_INFORMATION_FORMAT = "dwarf-with-dsym";
				ENABLE_NS_ASSERTIONS = NO;
				ENABLE_STRICT_OBJC_MSGSEND = YES;
				GCC_C_LANGUAGE_STANDARD = gnu11;
				GCC_NO_COMMON_BLOCKS = YES;
				GCC_WARN_64_TO_32_BIT_CONVERSION = YES;
				GCC_WARN_ABOUT_RETURN_TYPE = YES_ERROR;
				GCC_WARN_UNDECLARED_SELECTOR = YES;
				GCC_WARN_UNINITIALIZED_AUTOS = YES_AGGRESSIVE;
				GCC_WARN_UNUSED_FUNCTION = YES;
				GCC_WARN_UNUSED_VARIABLE = YES;
				IPHONEOS_DEPLOYMENT_TARGET = 16.2;
				MTL_ENABLE_DEBUG_INFO = NO;
				MTL_FAST_MATH = YES;
				SDKROOT = iphoneos;
				SWIFT_COMPILATION_MODE = wholemodule;
				SWIFT_OPTIMIZATION_LEVEL = "-O";
				SWIFT_VERSION = 5.0;
				VALIDATE_PRODUCT = YES;
			};
			name = Release;
		};
		7E7C63BB2A7D17AB00AB05BC /* Debug */ = {
			isa = XCBuildConfiguration;
			buildSettings = {
				ASSETCATALOG_COMPILER_APPICON_NAME = AppIcon;
				ASSETCATALOG_COMPILER_GLOBAL_ACCENT_COLOR_NAME = AccentColor;
				CODE_SIGN_STYLE = Automatic;
				CURRENT_PROJECT_VERSION = 1;
				DEVELOPMENT_ASSET_PATHS = "\"Common/Preview Content\"";
				DEVELOPMENT_TEAM = 67M6ZS7KS6;
				ENABLE_PREVIEWS = YES;
				GENERATE_INFOPLIST_FILE = YES;
				INFOPLIST_KEY_UIApplicationSceneManifest_Generation = YES;
				INFOPLIST_KEY_UIApplicationSupportsIndirectInputEvents = YES;
				INFOPLIST_KEY_UILaunchScreen_Generation = YES;
				INFOPLIST_KEY_UISupportedInterfaceOrientations_iPad = "UIInterfaceOrientationPortrait UIInterfaceOrientationPortraitUpsideDown UIInterfaceOrientationLandscapeLeft UIInterfaceOrientationLandscapeRight";
				INFOPLIST_KEY_UISupportedInterfaceOrientations_iPhone = "UIInterfaceOrientationPortrait UIInterfaceOrientationLandscapeLeft UIInterfaceOrientationLandscapeRight";
				LD_RUNPATH_SEARCH_PATHS = (
					"$(inherited)",
					"@executable_path/Frameworks",
				);
				MARKETING_VERSION = 1.0;
				PRODUCT_BUNDLE_IDENTIFIER = com.Celan.TCAWorkshop;
				PRODUCT_NAME = "$(TARGET_NAME)";
				SWIFT_EMIT_LOC_STRINGS = YES;
				SWIFT_VERSION = 5.0;
				TARGETED_DEVICE_FAMILY = "1,2";
			};
			name = Debug;
		};
		7E7C63BC2A7D17AB00AB05BC /* Release */ = {
			isa = XCBuildConfiguration;
			buildSettings = {
				ASSETCATALOG_COMPILER_APPICON_NAME = AppIcon;
				ASSETCATALOG_COMPILER_GLOBAL_ACCENT_COLOR_NAME = AccentColor;
				CODE_SIGN_STYLE = Automatic;
				CURRENT_PROJECT_VERSION = 1;
				DEVELOPMENT_ASSET_PATHS = "\"Common/Preview Content\"";
				DEVELOPMENT_TEAM = 67M6ZS7KS6;
				ENABLE_PREVIEWS = YES;
				GENERATE_INFOPLIST_FILE = YES;
				INFOPLIST_KEY_UIApplicationSceneManifest_Generation = YES;
				INFOPLIST_KEY_UIApplicationSupportsIndirectInputEvents = YES;
				INFOPLIST_KEY_UILaunchScreen_Generation = YES;
				INFOPLIST_KEY_UISupportedInterfaceOrientations_iPad = "UIInterfaceOrientationPortrait UIInterfaceOrientationPortraitUpsideDown UIInterfaceOrientationLandscapeLeft UIInterfaceOrientationLandscapeRight";
				INFOPLIST_KEY_UISupportedInterfaceOrientations_iPhone = "UIInterfaceOrientationPortrait UIInterfaceOrientationLandscapeLeft UIInterfaceOrientationLandscapeRight";
				LD_RUNPATH_SEARCH_PATHS = (
					"$(inherited)",
					"@executable_path/Frameworks",
				);
				MARKETING_VERSION = 1.0;
				PRODUCT_BUNDLE_IDENTIFIER = com.Celan.TCAWorkshop;
				PRODUCT_NAME = "$(TARGET_NAME)";
				SWIFT_EMIT_LOC_STRINGS = YES;
				SWIFT_VERSION = 5.0;
				TARGETED_DEVICE_FAMILY = "1,2";
			};
			name = Release;
		};
		7E7C63BE2A7D17AB00AB05BC /* Debug */ = {
			isa = XCBuildConfiguration;
			buildSettings = {
				ALWAYS_EMBED_SWIFT_STANDARD_LIBRARIES = YES;
				BUNDLE_LOADER = "$(TEST_HOST)";
				CODE_SIGN_STYLE = Automatic;
				CURRENT_PROJECT_VERSION = 1;
				DEVELOPMENT_TEAM = 67M6ZS7KS6;
				GENERATE_INFOPLIST_FILE = YES;
				IPHONEOS_DEPLOYMENT_TARGET = 16.2;
				MARKETING_VERSION = 1.0;
				PRODUCT_BUNDLE_IDENTIFIER = com.Celan.TCAWorkshopTests;
				PRODUCT_NAME = "$(TARGET_NAME)";
				SWIFT_EMIT_LOC_STRINGS = NO;
				SWIFT_VERSION = 5.0;
				TARGETED_DEVICE_FAMILY = "1,2";
				TEST_HOST = "$(BUILT_PRODUCTS_DIR)/TCAWorkshop.app/$(BUNDLE_EXECUTABLE_FOLDER_PATH)/TCAWorkshop";
			};
			name = Debug;
		};
		7E7C63BF2A7D17AB00AB05BC /* Release */ = {
			isa = XCBuildConfiguration;
			buildSettings = {
				ALWAYS_EMBED_SWIFT_STANDARD_LIBRARIES = YES;
				BUNDLE_LOADER = "$(TEST_HOST)";
				CODE_SIGN_STYLE = Automatic;
				CURRENT_PROJECT_VERSION = 1;
				DEVELOPMENT_TEAM = 67M6ZS7KS6;
				GENERATE_INFOPLIST_FILE = YES;
				IPHONEOS_DEPLOYMENT_TARGET = 16.2;
				MARKETING_VERSION = 1.0;
				PRODUCT_BUNDLE_IDENTIFIER = com.Celan.TCAWorkshopTests;
				PRODUCT_NAME = "$(TARGET_NAME)";
				SWIFT_EMIT_LOC_STRINGS = NO;
				SWIFT_VERSION = 5.0;
				TARGETED_DEVICE_FAMILY = "1,2";
				TEST_HOST = "$(BUILT_PRODUCTS_DIR)/TCAWorkshop.app/$(BUNDLE_EXECUTABLE_FOLDER_PATH)/TCAWorkshop";
			};
			name = Release;
		};
/* End XCBuildConfiguration section */

/* Begin XCConfigurationList section */
		7E7C63912A7D17AA00AB05BC /* Build configuration list for PBXProject "TCAWorkshop" */ = {
			isa = XCConfigurationList;
			buildConfigurations = (
				7E7C63B82A7D17AB00AB05BC /* Debug */,
				7E7C63B92A7D17AB00AB05BC /* Release */,
			);
			defaultConfigurationIsVisible = 0;
			defaultConfigurationName = Release;
		};
		7E7C63BA2A7D17AB00AB05BC /* Build configuration list for PBXNativeTarget "TCAWorkshop" */ = {
			isa = XCConfigurationList;
			buildConfigurations = (
				7E7C63BB2A7D17AB00AB05BC /* Debug */,
				7E7C63BC2A7D17AB00AB05BC /* Release */,
			);
			defaultConfigurationIsVisible = 0;
			defaultConfigurationName = Release;
		};
		7E7C63BD2A7D17AB00AB05BC /* Build configuration list for PBXNativeTarget "TCAWorkshopTests" */ = {
			isa = XCConfigurationList;
			buildConfigurations = (
				7E7C63BE2A7D17AB00AB05BC /* Debug */,
				7E7C63BF2A7D17AB00AB05BC /* Release */,
			);
			defaultConfigurationIsVisible = 0;
			defaultConfigurationName = Release;
		};
/* End XCConfigurationList section */

/* Begin XCRemoteSwiftPackageReference section */
		7E7C63C32A7D17F200AB05BC /* XCRemoteSwiftPackageReference "swift-composable-architecture" */ = {
			isa = XCRemoteSwiftPackageReference;
			repositoryURL = "https://github.com/pointfreeco/swift-composable-architecture/";
			requirement = {
				branch = main;
				kind = branch;
			};
		};
/* End XCRemoteSwiftPackageReference section */

/* Begin XCSwiftPackageProductDependency section */
		7E7C63C42A7D17F200AB05BC /* ComposableArchitecture */ = {
			isa = XCSwiftPackageProductDependency;
			package = 7E7C63C32A7D17F200AB05BC /* XCRemoteSwiftPackageReference "swift-composable-architecture" */;
			productName = ComposableArchitecture;
		};
/* End XCSwiftPackageProductDependency section */
	};
	rootObject = 7E7C638E2A7D17AA00AB05BC /* Project object */;
}
